// !$*UTF8*$!
{
	archiveVersion = 1;
	classes = {
	};
	objectVersion = 46;
	objects = {

/* Begin PBXBuildFile section */
		EB15F2CE1DE94D1B00AB66DE /* main.c in Sources */ = {isa = PBXBuildFile; fileRef = EB15F2CD1DE94D1B00AB66DE /* main.c */; };
		EB15F2D71DE94D4000AB66DE /* filestdout.c in Sources */ = {isa = PBXBuildFile; fileRef = EB15F2D51DE94D4000AB66DE /* filestdout.c */; };
		EB15F2DA1DE94D4E00AB66DE /* link.c in Sources */ = {isa = PBXBuildFile; fileRef = EB15F2D81DE94D4E00AB66DE /* link.c */; };
		EB15F2DD1DE94D6E00AB66DE /* filestdin.c in Sources */ = {isa = PBXBuildFile; fileRef = EB15F2DB1DE94D6E00AB66DE /* filestdin.c */; };
/* End PBXBuildFile section */

/* Begin PBXCopyFilesBuildPhase section */
		EB15F2C81DE94D1B00AB66DE /* CopyFiles */ = {
			isa = PBXCopyFilesBuildPhase;
			buildActionMask = 2147483647;
			dstPath = /usr/share/man/man1/;
			dstSubfolderSpec = 0;
			files = (
			);
			runOnlyForDeploymentPostprocessing = 1;
		};
/* End PBXCopyFilesBuildPhase section */

/* Begin PBXFileReference section */
		EB15F2CA1DE94D1B00AB66DE /* 박영철 교수님 파일 입출력 문제 */ = {isa = PBXFileReference; explicitFileType = "compiled.mach-o.executable"; includeInIndex = 0; path = "박영철 교수님 파일 입출력 문제"; sourceTree = BUILT_PRODUCTS_DIR; };
		EB15F2CD1DE94D1B00AB66DE /* main.c */ = {isa = PBXFileReference; lastKnownFileType = sourcecode.c.c; path = main.c; sourceTree = "<group>"; };
		EB15F2D41DE94D2F00AB66DE /* header.h */ = {isa = PBXFileReference; lastKnownFileType = sourcecode.c.h; path = header.h; sourceTree = "<group>"; };
		EB15F2D51DE94D4000AB66DE /* filestdout.c */ = {isa = PBXFileReference; fileEncoding = 4; lastKnownFileType = sourcecode.c.c; path = filestdout.c; sourceTree = "<group>"; };
		EB15F2D61DE94D4000AB66DE /* file.h */ = {isa = PBXFileReference; fileEncoding = 4; lastKnownFileType = sourcecode.c.h; path = file.h; sourceTree = "<group>"; };
		EB15F2D81DE94D4E00AB66DE /* link.c */ = {isa = PBXFileReference; fileEncoding = 4; lastKnownFileType = sourcecode.c.c; path = link.c; sourceTree = "<group>"; };
		EB15F2D91DE94D4E00AB66DE /* link.h */ = {isa = PBXFileReference; fileEncoding = 4; lastKnownFileType = sourcecode.c.h; path = link.h; sourceTree = "<group>"; };
		EB15F2DB1DE94D6E00AB66DE /* filestdin.c */ = {isa = PBXFileReference; fileEncoding = 4; lastKnownFileType = sourcecode.c.c; path = filestdin.c; sourceTree = "<group>"; };
		EB15F2DC1DE94D6E00AB66DE /* file_smallone.h */ = {isa = PBXFileReference; fileEncoding = 4; lastKnownFileType = sourcecode.c.h; path = file_smallone.h; sourceTree = "<group>"; };
/* End PBXFileReference section */

/* Begin PBXFrameworksBuildPhase section */
		EB15F2C71DE94D1B00AB66DE /* Frameworks */ = {
			isa = PBXFrameworksBuildPhase;
			buildActionMask = 2147483647;
			files = (
			);
			runOnlyForDeploymentPostprocessing = 0;
		};
/* End PBXFrameworksBuildPhase section */

/* Begin PBXGroup section */
		EB15F2C11DE94D1B00AB66DE = {
			isa = PBXGroup;
			children = (
				EB15F2CC1DE94D1B00AB66DE /* 박영철 교수님 파일 입출력 문제 */,
				EB15F2CB1DE94D1B00AB66DE /* Products */,
			);
			sourceTree = "<group>";
		};
		EB15F2CB1DE94D1B00AB66DE /* Products */ = {
			isa = PBXGroup;
			children = (
				EB15F2CA1DE94D1B00AB66DE /* 박영철 교수님 파일 입출력 문제 */,
			);
			name = Products;
			sourceTree = "<group>";
		};
		EB15F2CC1DE94D1B00AB66DE /* 박영철 교수님 파일 입출력 문제 */ = {
			isa = PBXGroup;
			children = (
				EB15F2CD1DE94D1B00AB66DE /* main.c */,
				EB15F2D41DE94D2F00AB66DE /* header.h */,
				EB15F2D51DE94D4000AB66DE /* filestdout.c */,
				EB15F2D61DE94D4000AB66DE /* file.h */,
				EB15F2D81DE94D4E00AB66DE /* link.c */,
				EB15F2D91DE94D4E00AB66DE /* link.h */,
				EB15F2DB1DE94D6E00AB66DE /* filestdin.c */,
				EB15F2DC1DE94D6E00AB66DE /* file_smallone.h */,
			);
			path = "박영철 교수님 파일 입출력 문제";
			sourceTree = "<group>";
		};
/* End PBXGroup section */

/* Begin PBXNativeTarget section */
		EB15F2C91DE94D1B00AB66DE /* 박영철 교수님 파일 입출력 문제 */ = {
			isa = PBXNativeTarget;
			buildConfigurationList = EB15F2D11DE94D1B00AB66DE /* Build configuration list for PBXNativeTarget "박영철 교수님 파일 입출력 문제" */;
			buildPhases = (
				EB15F2C61DE94D1B00AB66DE /* Sources */,
				EB15F2C71DE94D1B00AB66DE /* Frameworks */,
				EB15F2C81DE94D1B00AB66DE /* CopyFiles */,
			);
			buildRules = (
			);
			dependencies = (
			);
			name = "박영철 교수님 파일 입출력 문제";
			productName = "박영철 교수님 파일 입출력 문제";
			productReference = EB15F2CA1DE94D1B00AB66DE /* 박영철 교수님 파일 입출력 문제 */;
			productType = "com.apple.product-type.tool";
		};
/* End PBXNativeTarget section */

/* Begin PBXProject section */
		EB15F2C21DE94D1B00AB66DE /* Project object */ = {
			isa = PBXProject;
			attributes = {
				LastUpgradeCheck = 0810;
				ORGANIZATIONNAME = "한현민";
				TargetAttributes = {
					EB15F2C91DE94D1B00AB66DE = {
						CreatedOnToolsVersion = 8.1;
						ProvisioningStyle = Automatic;
					};
				};
			};
			buildConfigurationList = EB15F2C51DE94D1B00AB66DE /* Build configuration list for PBXProject "박영철 교수님 파일 입출력 문제" */;
			compatibilityVersion = "Xcode 3.2";
			developmentRegion = English;
			hasScannedForEncodings = 0;
			knownRegions = (
				en,
			);
			mainGroup = EB15F2C11DE94D1B00AB66DE;
			productRefGroup = EB15F2CB1DE94D1B00AB66DE /* Products */;
			projectDirPath = "";
			projectRoot = "";
			targets = (
				EB15F2C91DE94D1B00AB66DE /* 박영철 교수님 파일 입출력 문제 */,
			);
		};
/* End PBXProject section */

/* Begin PBXSourcesBuildPhase section */
		EB15F2C61DE94D1B00AB66DE /* Sources */ = {
			isa = PBXSourcesBuildPhase;
			buildActionMask = 2147483647;
			files = (
				EB15F2CE1DE94D1B00AB66DE /* main.c in Sources */,
				EB15F2DA1DE94D4E00AB66DE /* link.c in Sources */,
				EB15F2DD1DE94D6E00AB66DE /* filestdin.c in Sources */,
				EB15F2D71DE94D4000AB66DE /* filestdout.c in Sources */,
			);
			runOnlyForDeploymentPostprocessing = 0;
		};
/* End PBXSourcesBuildPhase section */

/* Begin XCBuildConfiguration section */
		EB15F2CF1DE94D1B00AB66DE /* Debug */ = {
			isa = XCBuildConfiguration;
			buildSettings = {
				ALWAYS_SEARCH_USER_PATHS = NO;
				CLANG_ANALYZER_NONNULL = YES;
				CLANG_CXX_LANGUAGE_STANDARD = "gnu++0x";
				CLANG_CXX_LIBRARY = "libc++";
				CLANG_ENABLE_MODULES = YES;
				CLANG_ENABLE_OBJC_ARC = YES;
				CLANG_WARN_BOOL_CONVERSION = YES;
				CLANG_WARN_CONSTANT_CONVERSION = YES;
				CLANG_WARN_DIRECT_OBJC_ISA_USAGE = YES_ERROR;
				CLANG_WARN_DOCUMENTATION_COMMENTS = YES;
				CLANG_WARN_EMPTY_BODY = YES;
				CLANG_WARN_ENUM_CONVERSION = YES;
				CLANG_WARN_INFINITE_RECURSION = YES;
				CLANG_WARN_INT_CONVERSION = YES;
				CLANG_WARN_OBJC_ROOT_CLASS = YES_ERROR;
				CLANG_WARN_SUSPICIOUS_MOVES = YES;
				CLANG_WARN_UNREACHABLE_CODE = YES;
				CLANG_WARN__DUPLICATE_METHOD_MATCH = YES;
				CODE_SIGN_IDENTITY = "-";
				COPY_PHASE_STRIP = NO;
				DEBUG_INFORMATION_FORMAT = dwarf;
				ENABLE_STRICT_OBJC_MSGSEND = YES;
				ENABLE_TESTABILITY = YES;
				GCC_C_LANGUAGE_STANDARD = gnu99;
				GCC_DYNAMIC_NO_PIC = NO;
				GCC_NO_COMMON_BLOCKS = YES;
				GCC_OPTIMIZATION_LEVEL = 0;
				GCC_PREPROCESSOR_DEFINITIONS = (
					"DEBUG=1",
					"$(inherited)",
				);
				GCC_WARN_64_TO_32_BIT_CONVERSION = YES;
				GCC_WARN_ABOUT_RETURN_TYPE = YES_ERROR;
				GCC_WARN_UNDECLARED_SELECTOR = YES;
				GCC_WARN_UNINITIALIZED_AUTOS = YES_AGGRESSIVE;
				GCC_WARN_UNUSED_FUNCTION = YES;
				GCC_WARN_UNUSED_VARIABLE = YES;
				MACOSX_DEPLOYMENT_TARGET = 10.12;
				MTL_ENABLE_DEBUG_INFO = YES;
				ONLY_ACTIVE_ARCH = YES;
				SDKROOT = macosx;
			};
			name = Debug;
		};
		EB15F2D01DE94D1B00AB66DE /* Release */ = {
			isa = XCBuildConfiguration;
			buildSettings = {
				ALWAYS_SEARCH_USER_PATHS = NO;
				CLANG_ANALYZER_NONNULL = YES;
				CLANG_CXX_LANGUAGE_STANDARD = "gnu++0x";
				CLANG_CXX_LIBRARY = "libc++";
				CLANG_ENABLE_MODULES = YES;
				CLANG_ENABLE_OBJC_ARC = YES;
				CLANG_WARN_BOOL_CONVERSION = YES;
				CLANG_WARN_CONSTANT_CONVERSION = YES;
				CLANG_WARN_DIRECT_OBJC_ISA_USAGE = YES_ERROR;
				CLANG_WARN_DOCUMENTATION_COMMENTS = YES;
				CLANG_WARN_EMPTY_BODY = YES;
				CLANG_WARN_ENUM_CONVERSION = YES;
				CLANG_WARN_INFINITE_RECURSION = YES;
				CLANG_WARN_INT_CONVERSION = YES;
				CLANG_WARN_OBJC_ROOT_CLASS = YES_ERROR;
				CLANG_WARN_SUSPICIOUS_MOVES = YES;
				CLANG_WARN_UNREACHABLE_CODE = YES;
				CLANG_WARN__DUPLICATE_METHOD_MATCH = YES;
				CODE_SIGN_IDENTITY = "-";
				COPY_PHASE_STRIP = NO;
				DEBUG_INFORMATION_FORMAT = "dwarf-with-dsym";
				ENABLE_NS_ASSERTIONS = NO;
				ENABLE_STRICT_OBJC_MSGSEND = YES;
				GCC_C_LANGUAGE_STANDARD = gnu99;
				GCC_NO_COMMON_BLOCKS = YES;
				GCC_WARN_64_TO_32_BIT_CONVERSION = YES;
				GCC_WARN_ABOUT_RETURN_TYPE = YES_ERROR;
				GCC_WARN_UNDECLARED_SELECTOR = YES;
				GCC_WARN_UNINITIALIZED_AUTOS = YES_AGGRESSIVE;
				GCC_WARN_UNUSED_FUNCTION = YES;
				GCC_WARN_UNUSED_VARIABLE = YES;
				MACOSX_DEPLOYMENT_TARGET = 10.12;
				MTL_ENABLE_DEBUG_INFO = NO;
				SDKROOT = macosx;
			};
			name = Release;
		};
		EB15F2D21DE94D1B00AB66DE /* Debug */ = {
			isa = XCBuildConfiguration;
			buildSettings = {
				PRODUCT_NAME = "$(TARGET_NAME)";
			};
			name = Debug;
		};
		EB15F2D31DE94D1B00AB66DE /* Release */ = {
			isa = XCBuildConfiguration;
			buildSettings = {
				PRODUCT_NAME = "$(TARGET_NAME)";
			};
			name = Release;
		};
/* End XCBuildConfiguration section */

/* Begin XCConfigurationList section */
		EB15F2C51DE94D1B00AB66DE /* Build configuration list for PBXProject "박영철 교수님 파일 입출력 문제" */ = {
			isa = XCConfigurationList;
			buildConfigurations = (
				EB15F2CF1DE94D1B00AB66DE /* Debug */,
				EB15F2D01DE94D1B00AB66DE /* Release */,
			);
			defaultConfigurationIsVisible = 0;
			defaultConfigurationName = Release;
		};
		EB15F2D11DE94D1B00AB66DE /* Build configuration list for PBXNativeTarget "박영철 교수님 파일 입출력 문제" */ = {
			isa = XCConfigurationList;
			buildConfigurations = (
				EB15F2D21DE94D1B00AB66DE /* Debug */,
				EB15F2D31DE94D1B00AB66DE /* Release */,
			);
			defaultConfigurationIsVisible = 0;
			defaultConfigurationName = Release;
		};
/* End XCConfigurationList section */
	};
	rootObject = EB15F2C21DE94D1B00AB66DE /* Project object */;
}
