<?xml version="1.0" encoding="UTF-8"?>
<Scheme
   LastUpgradeVersion = "0800"
   version = "1.3">
   <BuildAction
      parallelizeBuildables = "YES"
      buildImplicitDependencies = "YES">
      <BuildActionEntries>
         <BuildActionEntry
            buildForTesting = "YES"
            buildForRunning = "YES"
            buildForProfiling = "YES"
            buildForArchiving = "YES"
            buildForAnalyzing = "YES">
            <BuildableReference
               BuildableIdentifier = "primary"
               BlueprintIdentifier = "EB05672A1DC4BFDD00A6A854"
               BuildableName = "level3-&#x1112;&#x1162;&#x11bc;&#x110b;&#x116e;&#x11ab;&#x110b;&#x1174; &#x1109;&#x116e;"
               BlueprintName = "level3-&#x1112;&#x1162;&#x11bc;&#x110b;&#x116e;&#x11ab;&#x110b;&#x1174; &#x1109;&#x116e;"
               ReferencedContainer = "container:level3-&#x1112;&#x1162;&#x11bc;&#x110b;&#x116e;&#x11ab;&#x110b;&#x1174; &#x1109;&#x116e;.xcodeproj">
            </BuildableReference>
         </BuildActionEntry>
      </BuildActionEntries>
   </BuildAction>
   <TestAction
      buildConfiguration = "Debug"
      selectedDebuggerIdentifier = "Xcode.DebuggerFoundation.Debugger.LLDB"
      selectedLauncherIdentifier = "Xcode.DebuggerFoundation.Launcher.LLDB"
      shouldUseLaunchSchemeArgsEnv = "YES">
      <Testables>
      </Testables>
      <MacroExpansion>
         <BuildableReference
            BuildableIdentifier = "primary"
            BlueprintIdentifier = "EB05672A1DC4BFDD00A6A854"
            BuildableName = "level3-&#x1112;&#x1162;&#x11bc;&#x110b;&#x116e;&#x11ab;&#x110b;&#x1174; &#x1109;&#x116e;"
            BlueprintName = "level3-&#x1112;&#x1162;&#x11bc;&#x110b;&#x116e;&#x11ab;&#x110b;&#x1174; &#x1109;&#x116e;"
            ReferencedContainer = "container:level3-&#x1112;&#x1162;&#x11bc;&#x110b;&#x116e;&#x11ab;&#x110b;&#x1174; &#x1109;&#x116e;.xcodeproj">
         </BuildableReference>
      </MacroExpansion>
      <AdditionalOptions>
      </AdditionalOptions>
   </TestAction>
   <LaunchAction
      buildConfiguration = "Debug"
      selectedDebuggerIdentifier = "Xcode.DebuggerFoundation.Debugger.LLDB"
      selectedLauncherIdentifier = "Xcode.DebuggerFoundation.Launcher.LLDB"
      launchStyle = "0"
      useCustomWorkingDirectory = "NO"
      ignoresPersistentStateOnLaunch = "NO"
      debugDocumentVersioning = "YES"
      debugServiceExtension = "internal"
      allowLocationSimulation = "YES">
      <BuildableProductRunnable
         runnableDebuggingMode = "0">
         <BuildableReference
            BuildableIdentifier = "primary"
            BlueprintIdentifier = "EB05672A1DC4BFDD00A6A854"
            BuildableName = "level3-&#x1112;&#x1162;&#x11bc;&#x110b;&#x116e;&#x11ab;&#x110b;&#x1174; &#x1109;&#x116e;"
            BlueprintName = "level3-&#x1112;&#x1162;&#x11bc;&#x110b;&#x116e;&#x11ab;&#x110b;&#x1174; &#x1109;&#x116e;"
            ReferencedContainer = "container:level3-&#x1112;&#x1162;&#x11bc;&#x110b;&#x116e;&#x11ab;&#x110b;&#x1174; &#x1109;&#x116e;.xcodeproj">
         </BuildableReference>
      </BuildableProductRunnable>
      <AdditionalOptions>
      </AdditionalOptions>
   </LaunchAction>
   <ProfileAction
      buildConfiguration = "Release"
      shouldUseLaunchSchemeArgsEnv = "YES"
      savedToolIdentifier = ""
      useCustomWorkingDirectory = "NO"
      debugDocumentVersioning = "YES">
      <BuildableProductRunnable
         runnableDebuggingMode = "0">
         <BuildableReference
            BuildableIdentifier = "primary"
            BlueprintIdentifier = "EB05672A1DC4BFDD00A6A854"
            BuildableName = "level3-&#x1112;&#x1162;&#x11bc;&#x110b;&#x116e;&#x11ab;&#x110b;&#x1174; &#x1109;&#x116e;"
            BlueprintName = "level3-&#x1112;&#x1162;&#x11bc;&#x110b;&#x116e;&#x11ab;&#x110b;&#x1174; &#x1109;&#x116e;"
            ReferencedContainer = "container:level3-&#x1112;&#x1162;&#x11bc;&#x110b;&#x116e;&#x11ab;&#x110b;&#x1174; &#x1109;&#x116e;.xcodeproj">
         </BuildableReference>
      </BuildableProductRunnable>
   </ProfileAction>
   <AnalyzeAction
      buildConfiguration = "Debug">
   </AnalyzeAction>
   <ArchiveAction
      buildConfiguration = "Release"
      revealArchiveInOrganizer = "YES">
   </ArchiveAction>
</Scheme>
