// !$*UTF8*$!
{
	archiveVersion = 1;
	classes = {
	};
	objectVersion = 46;
	objects = {

/* Begin PBXBuildFile section */
		EB1DB9E21DA687C10060FF33 /* main.c in Sources */ = {isa = PBXBuildFile; fileRef = EB1DB9E11DA687C10060FF33 /* main.c */; };
/* End PBXBuildFile section */

/* Begin PBXCopyFilesBuildPhase section */
		EB1DB9DC1DA687C10060FF33 /* CopyFiles */ = {
			isa = PBXCopyFilesBuildPhase;
			buildActionMask = 2147483647;
			dstPath = /usr/share/man/man1/;
			dstSubfolderSpec = 0;
			files = (
			);
			runOnlyForDeploymentPostprocessing = 1;
		};
/* End PBXCopyFilesBuildPhase section */

/* Begin PBXFileReference section */
		EB1DB9DE1DA687C10060FF33 /* 달력-날짜 구하기 */ = {isa = PBXFileReference; explicitFileType = "compiled.mach-o.executable"; includeInIndex = 0; path = "달력-날짜 구하기"; sourceTree = BUILT_PRODUCTS_DIR; };
		EB1DB9E11DA687C10060FF33 /* main.c */ = {isa = PBXFileReference; lastKnownFileType = sourcecode.c.c; path = main.c; sourceTree = "<group>"; };
/* End PBXFileReference section */

/* Begin PBXFrameworksBuildPhase section */
		EB1DB9DB1DA687C10060FF33 /* Frameworks */ = {
			isa = PBXFrameworksBuildPhase;
			buildActionMask = 2147483647;
			files = (
			);
			runOnlyForDeploymentPostprocessing = 0;
		};
/* End PBXFrameworksBuildPhase section */

/* Begin PBXGroup section */
		EB1DB9D51DA687C10060FF33 = {
			isa = PBXGroup;
			children = (
				EB1DB9E01DA687C10060FF33 /* 달력-날짜 구하기 */,
				EB1DB9DF1DA687C10060FF33 /* Products */,
			);
			sourceTree = "<group>";
		};
		EB1DB9DF1DA687C10060FF33 /* Products */ = {
			isa = PBXGroup;
			children = (
				EB1DB9DE1DA687C10060FF33 /* 달력-날짜 구하기 */,
			);
			name = Products;
			sourceTree = "<group>";
		};
		EB1DB9E01DA687C10060FF33 /* 달력-날짜 구하기 */ = {
			isa = PBXGroup;
			children = (
				EB1DB9E11DA687C10060FF33 /* main.c */,
			);
			path = "달력-날짜 구하기";
			sourceTree = "<group>";
		};
/* End PBXGroup section */

/* Begin PBXNativeTarget section */
		EB1DB9DD1DA687C10060FF33 /* 달력-날짜 구하기 */ = {
			isa = PBXNativeTarget;
			buildConfigurationList = EB1DB9E51DA687C10060FF33 /* Build configuration list for PBXNativeTarget "달력-날짜 구하기" */;
			buildPhases = (
				EB1DB9DA1DA687C10060FF33 /* Sources */,
				EB1DB9DB1DA687C10060FF33 /* Frameworks */,
				EB1DB9DC1DA687C10060FF33 /* CopyFiles */,
			);
			buildRules = (
			);
			dependencies = (
			);
			name = "달력-날짜 구하기";
			productName = "달력-날짜 구하기";
			productReference = EB1DB9DE1DA687C10060FF33 /* 달력-날짜 구하기 */;
			productType = "com.apple.product-type.tool";
		};
/* End PBXNativeTarget section */

/* Begin PBXProject section */
		EB1DB9D61DA687C10060FF33 /* Project object */ = {
			isa = PBXProject;
			attributes = {
				LastUpgradeCheck = 0730;
				ORGANIZATIONNAME = "한현민";
				TargetAttributes = {
					EB1DB9DD1DA687C10060FF33 = {
						CreatedOnToolsVersion = 7.3.1;
					};
				};
			};
			buildConfigurationList = EB1DB9D91DA687C10060FF33 /* Build configuration list for PBXProject "달력-날짜 구하기" */;
			compatibilityVersion = "Xcode 3.2";
			developmentRegion = English;
			hasScannedForEncodings = 0;
			knownRegions = (
				en,
			);
			mainGroup = EB1DB9D51DA687C10060FF33;
			productRefGroup = EB1DB9DF1DA687C10060FF33 /* Products */;
			projectDirPath = "";
			projectRoot = "";
			targets = (
				EB1DB9DD1DA687C10060FF33 /* 달력-날짜 구하기 */,
			);
		};
/* End PBXProject section */

/* Begin PBXSourcesBuildPhase section */
		EB1DB9DA1DA687C10060FF33 /* Sources */ = {
			isa = PBXSourcesBuildPhase;
			buildActionMask = 2147483647;
			files = (
				EB1DB9E21DA687C10060FF33 /* main.c in Sources */,
			);
			runOnlyForDeploymentPostprocessing = 0;
		};
/* End PBXSourcesBuildPhase section */

/* Begin XCBuildConfiguration section */
		EB1DB9E31DA687C10060FF33 /* Debug */ = {
			isa = XCBuildConfiguration;
			buildSettings = {
				ALWAYS_SEARCH_USER_PATHS = NO;
				CLANG_ANALYZER_NONNULL = YES;
				CLANG_CXX_LANGUAGE_STANDARD = "gnu++0x";
				CLANG_CXX_LIBRARY = "libc++";
				CLANG_ENABLE_MODULES = YES;
				CLANG_ENABLE_OBJC_ARC = YES;
				CLANG_WARN_BOOL_CONVERSION = YES;
				CLANG_WARN_CONSTANT_CONVERSION = YES;
				CLANG_WARN_DIRECT_OBJC_ISA_USAGE = YES_ERROR;
				CLANG_WARN_EMPTY_BODY = YES;
				CLANG_WARN_ENUM_CONVERSION = YES;
				CLANG_WARN_INT_CONVERSION = YES;
				CLANG_WARN_OBJC_ROOT_CLASS = YES_ERROR;
				CLANG_WARN_UNREACHABLE_CODE = YES;
				CLANG_WARN__DUPLICATE_METHOD_MATCH = YES;
				CODE_SIGN_IDENTITY = "-";
				COPY_PHASE_STRIP = NO;
				DEBUG_INFORMATION_FORMAT = dwarf;
				ENABLE_STRICT_OBJC_MSGSEND = YES;
				ENABLE_TESTABILITY = YES;
				GCC_C_LANGUAGE_STANDARD = gnu99;
				GCC_DYNAMIC_NO_PIC = NO;
				GCC_NO_COMMON_BLOCKS = YES;
				GCC_OPTIMIZATION_LEVEL = 0;
				GCC_PREPROCESSOR_DEFINITIONS = (
					"DEBUG=1",
					"$(inherited)",
				);
				GCC_WARN_64_TO_32_BIT_CONVERSION = YES;
				GCC_WARN_ABOUT_RETURN_TYPE = YES_ERROR;
				GCC_WARN_UNDECLARED_SELECTOR = YES;
				GCC_WARN_UNINITIALIZED_AUTOS = YES_AGGRESSIVE;
				GCC_WARN_UNUSED_FUNCTION = YES;
				GCC_WARN_UNUSED_VARIABLE = YES;
				MACOSX_DEPLOYMENT_TARGET = 10.12;
				MTL_ENABLE_DEBUG_INFO = YES;
				ONLY_ACTIVE_ARCH = YES;
				SDKROOT = macosx;
			};
			name = Debug;
		};
		EB1DB9E41DA687C10060FF33 /* Release */ = {
			isa = XCBuildConfiguration;
			buildSettings = {
				ALWAYS_SEARCH_USER_PATHS = NO;
				CLANG_ANALYZER_NONNULL = YES;
				CLANG_CXX_LANGUAGE_STANDARD = "gnu++0x";
				CLANG_CXX_LIBRARY = "libc++";
				CLANG_ENABLE_MODULES = YES;
				CLANG_ENABLE_OBJC_ARC = YES;
				CLANG_WARN_BOOL_CONVERSION = YES;
				CLANG_WARN_CONSTANT_CONVERSION = YES;
				CLANG_WARN_DIRECT_OBJC_ISA_USAGE = YES_ERROR;
				CLANG_WARN_EMPTY_BODY = YES;
				CLANG_WARN_ENUM_CONVERSION = YES;
				CLANG_WARN_INT_CONVERSION = YES;
				CLANG_WARN_OBJC_ROOT_CLASS = YES_ERROR;
				CLANG_WARN_UNREACHABLE_CODE = YES;
				CLANG_WARN__DUPLICATE_METHOD_MATCH = YES;
				CODE_SIGN_IDENTITY = "-";
				COPY_PHASE_STRIP = NO;
				DEBUG_INFORMATION_FORMAT = "dwarf-with-dsym";
				ENABLE_NS_ASSERTIONS = NO;
				ENABLE_STRICT_OBJC_MSGSEND = YES;
				GCC_C_LANGUAGE_STANDARD = gnu99;
				GCC_NO_COMMON_BLOCKS = YES;
				GCC_WARN_64_TO_32_BIT_CONVERSION = YES;
				GCC_WARN_ABOUT_RETURN_TYPE = YES_ERROR;
				GCC_WARN_UNDECLARED_SELECTOR = YES;
				GCC_WARN_UNINITIALIZED_AUTOS = YES_AGGRESSIVE;
				GCC_WARN_UNUSED_FUNCTION = YES;
				GCC_WARN_UNUSED_VARIABLE = YES;
				MACOSX_DEPLOYMENT_TARGET = 10.12;
				MTL_ENABLE_DEBUG_INFO = NO;
				SDKROOT = macosx;
			};
			name = Release;
		};
		EB1DB9E61DA687C10060FF33 /* Debug */ = {
			isa = XCBuildConfiguration;
			buildSettings = {
				PRODUCT_NAME = "$(TARGET_NAME)";
			};
			name = Debug;
		};
		EB1DB9E71DA687C10060FF33 /* Release */ = {
			isa = XCBuildConfiguration;
			buildSettings = {
				PRODUCT_NAME = "$(TARGET_NAME)";
			};
			name = Release;
		};
/* End XCBuildConfiguration section */

/* Begin XCConfigurationList section */
		EB1DB9D91DA687C10060FF33 /* Build configuration list for PBXProject "달력-날짜 구하기" */ = {
			isa = XCConfigurationList;
			buildConfigurations = (
				EB1DB9E31DA687C10060FF33 /* Debug */,
				EB1DB9E41DA687C10060FF33 /* Release */,
			);
			defaultConfigurationIsVisible = 0;
			defaultConfigurationName = Release;
		};
		EB1DB9E51DA687C10060FF33 /* Build configuration list for PBXNativeTarget "달력-날짜 구하기" */ = {
			isa = XCConfigurationList;
			buildConfigurations = (
				EB1DB9E61DA687C10060FF33 /* Debug */,
				EB1DB9E71DA687C10060FF33 /* Release */,
			);
			defaultConfigurationIsVisible = 0;
		};
/* End XCConfigurationList section */
	};
	rootObject = EB1DB9D61DA687C10060FF33 /* Project object */;
}
